
Microsoft Visual Studio Solution File, Format Version 12.00
# Visual Studio 15
Project("{FAE04EC0-301F-11D3-BF4B-00C04F79EFBC}") = "UnityEngine.TestRunner", "UnityEngine.TestRunner.csproj", "{BBD795EB-47F7-61B6-CA89-2A540BC214DA}"
EndProject
Project("{FAE04EC0-301F-11D3-BF4B-00C04F79EFBC}") = "UnityEngine.UI", "UnityEngine.UI.csproj", "{1C581A2D-7801-E387-F8F4-3469CF0204FC}"
EndProject
Project("{FAE04EC0-301F-11D3-BF4B-00C04F79EFBC}") = "Unity.VisualScripting.Flow", "Unity.VisualScripting.Flow.csproj", "{CC891A20-92B7-ADDC-4CE7-74795ED885FB}"
EndProject
Project("{FAE04EC0-301F-11D3-BF4B-00C04F79EFBC}") = "Unity.Mathematics", "Unity.Mathematics.csproj", "{8079D986-0FA0-4AB9-FCCB-4D8C3AA8C2E6}"
EndProject
Project("{FAE04EC0-301F-11D3-BF4B-00C04F79EFBC}") = "Unity.VisualScripting.State", "Unity.VisualScripting.State.csproj", "{219B7232-22CD-B83B-DF93-B46FD8331FB3}"
EndProject
Project("{FAE04EC0-301F-11D3-BF4B-00C04F79EFBC}") = "Unity.VisualScripting.Core", "Unity.VisualScripting.Core.csproj", "{A08FDDD5-0DFF-33FA-506B-66E3876C1BA1}"
EndProject
Project("{FAE04EC0-301F-11D3-BF4B-00C04F79EFBC}") = "Unity.Burst", "Unity.Burst.csproj", "{4D7E6236-FDC5-F505-F765-E625D438EFD9}"
EndProject
Project("{FAE04EC0-301F-11D3-BF4B-00C04F79EFBC}") = "Unity.2D.Animation.Runtime", "Unity.2D.Animation.Runtime.csproj", "{424AC88B-1C45-F684-9658-1E9882002DDA}"
EndProject
Project("{FAE04EC0-301F-11D3-BF4B-00C04F79EFBC}") = "Unity.TextMeshPro", "Unity.TextMeshPro.csproj", "{B61396E0-0D6A-2E80-CA75-B82915315D9A}"
EndProject
Project("{FAE04EC0-301F-11D3-BF4B-00C04F79EFBC}") = "Unity.Timeline", "Unity.Timeline.csproj", "{9360715A-9953-B099-D3D9-4270E2E46A04}"
EndProject
Project("{FAE04EC0-301F-11D3-BF4B-00C04F79EFBC}") = "Unity.2D.SpriteShape.Runtime", "Unity.2D.SpriteShape.Runtime.csproj", "{8F01C029-0430-2D4D-72F8-FD656B576DF8}"
EndProject
Project("{FAE04EC0-301F-11D3-BF4B-00C04F79EFBC}") = "Unity.2D.PixelPerfect", "Unity.2D.PixelPerfect.csproj", "{F4D1E0A3-7E34-FB05-4B32-8E34199C6195}"
EndProject
Project("{FAE04EC0-301F-11D3-BF4B-00C04F79EFBC}") = "Unity.2D.Common.Runtime", "Unity.2D.Common.Runtime.csproj", "{0C4206F2-D48F-7E97-3869-CDF3BB0ECEE9}"
EndProject
Project("{FAE04EC0-301F-11D3-BF4B-00C04F79EFBC}") = "Unity.2D.IK.Runtime", "Unity.2D.IK.Runtime.csproj", "{137BFFE6-5D28-320B-5FA4-3041FF2AA4A8}"
EndProject
Project("{FAE04EC0-301F-11D3-BF4B-00C04F79EFBC}") = "Unity.2D.Tilemap.Extras", "Unity.2D.Tilemap.Extras.csproj", "{FBBE5432-4475-81A7-7842-CE81D8F40303}"
EndProject
Project("{FAE04EC0-301F-11D3-BF4B-00C04F79EFBC}") = "Unity.InternalAPIEngineBridge.001", "Unity.InternalAPIEngineBridge.001.csproj", "{5D15076F-30F6-FF4C-D354-C4BB25CC5088}"
EndProject
Project("{FAE04EC0-301F-11D3-BF4B-00C04F79EFBC}") = "Assembly-CSharp", "Assembly-CSharp.csproj", "{0AB39ACD-2EE6-E15C-4D2B-642E1651D37D}"
EndProject
Project("{FAE04EC0-301F-11D3-BF4B-00C04F79EFBC}") = "Unity.PlasticSCM.Editor", "Unity.PlasticSCM.Editor.csproj", "{888EFA30-4678-16D8-EA8A-11CAB8F51524}"
EndProject
Project("{FAE04EC0-301F-11D3-BF4B-00C04F79EFBC}") = "Unity.VisualScripting.Core.Editor", "Unity.VisualScripting.Core.Editor.csproj", "{3951772F-6BD9-0738-B6E8-3CDDD83A2C2A}"
EndProject
Project("{FAE04EC0-301F-11D3-BF4B-00C04F79EFBC}") = "Unity.VisualScripting.Flow.Editor", "Unity.VisualScripting.Flow.Editor.csproj", "{79D4B177-B59F-4FB9-38D8-B61C56A697CE}"
EndProject
Project("{FAE04EC0-301F-11D3-BF4B-00C04F79EFBC}") = "Unity.VisualStudio.Editor", "Unity.VisualStudio.Editor.csproj", "{6FBF8275-1F93-0BE5-EF48-2184CE5752ED}"
EndProject
Project("{FAE04EC0-301F-11D3-BF4B-00C04F79EFBC}") = "Unity.Timeline.Editor", "Unity.Timeline.Editor.csproj", "{3D7DC855-C0C3-E1F9-FEEB-F6C553DB96BC}"
EndProject
Project("{FAE04EC0-301F-11D3-BF4B-00C04F79EFBC}") = "Unity.VisualScripting.State.Editor", "Unity.VisualScripting.State.Editor.csproj", "{24C54AF0-A3EE-8CA3-0BAC-6078AE7D9B8D}"
EndProject
Project("{FAE04EC0-301F-11D3-BF4B-00C04F79EFBC}") = "Unity.TextMeshPro.Editor", "Unity.TextMeshPro.Editor.csproj", "{47897653-4654-E5D9-7C58-39163904484C}"
EndProject
Project("{FAE04EC0-301F-11D3-BF4B-00C04F79EFBC}") = "Unity.2D.PixelPerfect.Editor", "Unity.2D.PixelPerfect.Editor.csproj", "{92C6C970-C987-4563-4FCD-D7157F937D4F}"
EndProject
Project("{FAE04EC0-301F-11D3-BF4B-00C04F79EFBC}") = "Unity.2D.Animation.Editor", "Unity.2D.Animation.Editor.csproj", "{C11CC9A2-821B-48D8-0523-F6C3821D41C4}"
EndProject
Project("{FAE04EC0-301F-11D3-BF4B-00C04F79EFBC}") = "Unity.VisualScripting.SettingsProvider.Editor", "Unity.VisualScripting.SettingsProvider.Editor.csproj", "{4EC3605E-715F-88CE-815C-F9F38ED08D4A}"
EndProject
Project("{FAE04EC0-301F-11D3-BF4B-00C04F79EFBC}") = "Unity.2D.Psdimporter.Editor", "Unity.2D.Psdimporter.Editor.csproj", "{51D028B8-BB06-C8FB-2773-5AFB8F3D7B56}"
EndProject
Project("{FAE04EC0-301F-11D3-BF4B-00C04F79EFBC}") = "UnityEditor.TestRunner", "UnityEditor.TestRunner.csproj", "{0CDA9E81-A340-5175-AB76-743247A181D5}"
EndProject
Project("{FAE04EC0-301F-11D3-BF4B-00C04F79EFBC}") = "Unity.2D.Tilemap.Editor", "Unity.2D.Tilemap.Editor.csproj", "{FDA5EB41-E0FE-1C59-E6CC-EEB3D39F72F3}"
EndProject
Project("{FAE04EC0-301F-11D3-BF4B-00C04F79EFBC}") = "Unity.Rider.Editor", "Unity.Rider.Editor.csproj", "{D3F3E581-3DA4-5E38-D156-510228450175}"
EndProject
Project("{FAE04EC0-301F-11D3-BF4B-00C04F79EFBC}") = "Unity.2D.Path.Editor", "Unity.2D.Path.Editor.csproj", "{EDDAD634-63FA-32FE-A706-B6DA889B5D35}"
EndProject
Project("{FAE04EC0-301F-11D3-BF4B-00C04F79EFBC}") = "PsdPlugin", "PsdPlugin.csproj", "{A4B56EA3-1A45-F650-CEB1-F4E1685E8A33}"
EndProject
Project("{FAE04EC0-301F-11D3-BF4B-00C04F79EFBC}") = "Unity.2D.IK.Editor", "Unity.2D.IK.Editor.csproj", "{F4E53A48-B80B-B119-8824-F645EA08B967}"
EndProject
Project("{FAE04EC0-301F-11D3-BF4B-00C04F79EFBC}") = "Unity.2D.SpriteShape.Editor", "Unity.2D.SpriteShape.Editor.csproj", "{88CA1D6C-E71B-5182-4752-B869FAF61B1A}"
EndProject
Project("{FAE04EC0-301F-11D3-BF4B-00C04F79EFBC}") = "Unity.Burst.CodeGen", "Unity.Burst.CodeGen.csproj", "{76E83AA4-F893-4C09-A6AD-9E63FF9AED6E}"
EndProject
Project("{FAE04EC0-301F-11D3-BF4B-00C04F79EFBC}") = "Unity.VSCode.Editor", "Unity.VSCode.Editor.csproj", "{C0A22AEC-24E6-E654-7F69-673C9FE9BAF9}"
EndProject
Project("{FAE04EC0-301F-11D3-BF4B-00C04F79EFBC}") = "Unity.2D.Sprite.Editor", "Unity.2D.Sprite.Editor.csproj", "{45AE2FD0-051D-CBC8-8308-4556382FBCA2}"
EndProject
Project("{FAE04EC0-301F-11D3-BF4B-00C04F79EFBC}") = "UnityEditor.UI", "UnityEditor.UI.csproj", "{C17FC652-207E-844E-5E79-757C30B3BA5F}"
EndProject
Project("{FAE04EC0-301F-11D3-BF4B-00C04F79EFBC}") = "Unity.2D.Common.Editor", "Unity.2D.Common.Editor.csproj", "{9C1EC8BB-F6A5-520B-2DD4-FBC6B533E500}"
EndProject
Project("{FAE04EC0-301F-11D3-BF4B-00C04F79EFBC}") = "Unity.CollabProxy.Editor", "Unity.CollabProxy.Editor.csproj", "{E35033D9-6692-8052-D8EF-0209E3706AB9}"
EndProject
Project("{FAE04EC0-301F-11D3-BF4B-00C04F79EFBC}") = "Unity.Mathematics.Editor", "Unity.Mathematics.Editor.csproj", "{9FE47E6D-005E-222B-536B-79FC0B0AD82D}"
EndProject
Project("{FAE04EC0-301F-11D3-BF4B-00C04F79EFBC}") = "Unity.2D.Tilemap.Extras.Editor", "Unity.2D.Tilemap.Extras.Editor.csproj", "{59822905-4A47-E9C2-FFC2-33FB703B4F46}"
EndProject
Project("{FAE04EC0-301F-11D3-BF4B-00C04F79EFBC}") = "Unity.Burst.Editor", "Unity.Burst.Editor.csproj", "{B6A4ADBA-665D-F520-B42F-47A28AFEBE9A}"
EndProject
Project("{FAE04EC0-301F-11D3-BF4B-00C04F79EFBC}") = "Unity.InternalAPIEditorBridge.001", "Unity.InternalAPIEditorBridge.001.csproj", "{3F85206D-6D96-24DB-F78A-AAA6FBBF554A}"
EndProject
Project("{FAE04EC0-301F-11D3-BF4B-00C04F79EFBC}") = "Unity.VisualScripting.Shared.Editor", "Unity.VisualScripting.Shared.Editor.csproj", "{950AAA05-8E14-C28D-4B90-8D49659BC1C1}"
EndProject
Project("{FAE04EC0-301F-11D3-BF4B-00C04F79EFBC}") = "UnityEngine.TestRunner", "UnityEngine.TestRunner.Player.csproj", "{6B4FB0A8-C114-FC81-0F2F-754AF15947D4}"
EndProject
Project("{FAE04EC0-301F-11D3-BF4B-00C04F79EFBC}") = "UnityEngine.UI", "UnityEngine.UI.Player.csproj", "{958654D6-6AE4-62F5-27FD-D1D40F6ED44D}"
EndProject
Project("{FAE04EC0-301F-11D3-BF4B-00C04F79EFBC}") = "Unity.VisualScripting.Flow", "Unity.VisualScripting.Flow.Player.csproj", "{9B4DA6FB-B926-D9CD-DC61-8C4CE5C4EF50}"
EndProject
Project("{FAE04EC0-301F-11D3-BF4B-00C04F79EFBC}") = "Unity.Mathematics", "Unity.Mathematics.Player.csproj", "{9CFDD2C3-4993-2159-7724-88CCF3047C2F}"
EndProject
Project("{FAE04EC0-301F-11D3-BF4B-00C04F79EFBC}") = "Unity.VisualScripting.State", "Unity.VisualScripting.State.Player.csproj", "{E3186D9F-A8C1-B4D2-00FD-67DCF0C53B1D}"
EndProject
Project("{FAE04EC0-301F-11D3-BF4B-00C04F79EFBC}") = "Unity.VisualScripting.Core", "Unity.VisualScripting.Core.Player.csproj", "{A0510E19-3EF1-95BF-2C24-6E77826833EF}"
EndProject
Project("{FAE04EC0-301F-11D3-BF4B-00C04F79EFBC}") = "Unity.Burst", "Unity.Burst.Player.csproj", "{04B40358-0BAA-FA10-CE52-0BD11CAAD13D}"
EndProject
Project("{FAE04EC0-301F-11D3-BF4B-00C04F79EFBC}") = "Unity.2D.Animation.Runtime", "Unity.2D.Animation.Runtime.Player.csproj", "{50556C7E-9A77-28AD-90F4-B999A1E24EDB}"
EndProject
Project("{FAE04EC0-301F-11D3-BF4B-00C04F79EFBC}") = "Unity.TextMeshPro", "Unity.TextMeshPro.Player.csproj", "{081852E6-8CE5-3E98-413B-83B2136E1E4E}"
EndProject
Project("{FAE04EC0-301F-11D3-BF4B-00C04F79EFBC}") = "Unity.Timeline", "Unity.Timeline.Player.csproj", "{D06EE09F-6942-83A5-AAF1-0FC4615EE01D}"
EndProject
Project("{FAE04EC0-301F-11D3-BF4B-00C04F79EFBC}") = "Unity.2D.SpriteShape.Runtime", "Unity.2D.SpriteShape.Runtime.Player.csproj", "{8C4930FD-77C6-D97F-37A4-62E41316665F}"
EndProject
Project("{FAE04EC0-301F-11D3-BF4B-00C04F79EFBC}") = "Unity.2D.PixelPerfect", "Unity.2D.PixelPerfect.Player.csproj", "{96095550-7F84-0DA8-89DB-BABCC26C5D3A}"
EndProject
Project("{FAE04EC0-301F-11D3-BF4B-00C04F79EFBC}") = "Unity.2D.Common.Runtime", "Unity.2D.Common.Runtime.Player.csproj", "{5E39CDDE-9338-5A92-37AA-A20F116012BD}"
EndProject
Project("{FAE04EC0-301F-11D3-BF4B-00C04F79EFBC}") = "Unity.2D.IK.Runtime", "Unity.2D.IK.Runtime.Player.csproj", "{6BB05EBD-7F2D-CAA8-AC98-1AD46A1F1C48}"
EndProject
Project("{FAE04EC0-301F-11D3-BF4B-00C04F79EFBC}") = "Unity.2D.Tilemap.Extras", "Unity.2D.Tilemap.Extras.Player.csproj", "{35BBC3D6-258B-7E8B-B022-47CE1D39073B}"
EndProject
Project("{FAE04EC0-301F-11D3-BF4B-00C04F79EFBC}") = "Unity.InternalAPIEngineBridge.001", "Unity.InternalAPIEngineBridge.001.Player.csproj", "{21C767E6-CD5A-3081-531D-C21E63F8A1D6}"
EndProject
Project("{FAE04EC0-301F-11D3-BF4B-00C04F79EFBC}") = "Assembly-CSharp", "Assembly-CSharp.Player.csproj", "{33394CA4-7EB9-B1BD-40F4-28B4F8FE687F}"
EndProject
Global
	GlobalSection(SolutionConfigurationPlatforms) = preSolution
		Debug|Any CPU = Debug|Any CPU
		Release|Any CPU = Release|Any CPU
	EndGlobalSection
	GlobalSection(ProjectConfigurationPlatforms) = postSolution
		{BBD795EB-47F7-61B6-CA89-2A540BC214DA}.Debug|Any CPU.ActiveCfg = Debug|Any CPU
		{BBD795EB-47F7-61B6-CA89-2A540BC214DA}.Debug|Any CPU.Build.0 = Debug|Any CPU
		{BBD795EB-47F7-61B6-CA89-2A540BC214DA}.Release|Any CPU.ActiveCfg = Release|Any CPU
		{BBD795EB-47F7-61B6-CA89-2A540BC214DA}.Release|Any CPU.Build.0 = Release|Any CPU
		{1C581A2D-7801-E387-F8F4-3469CF0204FC}.Debug|Any CPU.ActiveCfg = Debug|Any CPU
		{1C581A2D-7801-E387-F8F4-3469CF0204FC}.Debug|Any CPU.Build.0 = Debug|Any CPU
		{1C581A2D-7801-E387-F8F4-3469CF0204FC}.Release|Any CPU.ActiveCfg = Release|Any CPU
		{1C581A2D-7801-E387-F8F4-3469CF0204FC}.Release|Any CPU.Build.0 = Release|Any CPU
		{CC891A20-92B7-ADDC-4CE7-74795ED885FB}.Debug|Any CPU.ActiveCfg = Debug|Any CPU
		{CC891A20-92B7-ADDC-4CE7-74795ED885FB}.Debug|Any CPU.Build.0 = Debug|Any CPU
		{CC891A20-92B7-ADDC-4CE7-74795ED885FB}.Release|Any CPU.ActiveCfg = Release|Any CPU
		{CC891A20-92B7-ADDC-4CE7-74795ED885FB}.Release|Any CPU.Build.0 = Release|Any CPU
		{8079D986-0FA0-4AB9-FCCB-4D8C3AA8C2E6}.Debug|Any CPU.ActiveCfg = Debug|Any CPU
		{8079D986-0FA0-4AB9-FCCB-4D8C3AA8C2E6}.Debug|Any CPU.Build.0 = Debug|Any CPU
		{8079D986-0FA0-4AB9-FCCB-4D8C3AA8C2E6}.Release|Any CPU.ActiveCfg = Release|Any CPU
		{8079D986-0FA0-4AB9-FCCB-4D8C3AA8C2E6}.Release|Any CPU.Build.0 = Release|Any CPU
		{219B7232-22CD-B83B-DF93-B46FD8331FB3}.Debug|Any CPU.ActiveCfg = Debug|Any CPU
		{219B7232-22CD-B83B-DF93-B46FD8331FB3}.Debug|Any CPU.Build.0 = Debug|Any CPU
		{219B7232-22CD-B83B-DF93-B46FD8331FB3}.Release|Any CPU.ActiveCfg = Release|Any CPU
		{219B7232-22CD-B83B-DF93-B46FD8331FB3}.Release|Any CPU.Build.0 = Release|Any CPU
		{A08FDDD5-0DFF-33FA-506B-66E3876C1BA1}.Debug|Any CPU.ActiveCfg = Debug|Any CPU
		{A08FDDD5-0DFF-33FA-506B-66E3876C1BA1}.Debug|Any CPU.Build.0 = Debug|Any CPU
		{A08FDDD5-0DFF-33FA-506B-66E3876C1BA1}.Release|Any CPU.ActiveCfg = Release|Any CPU
		{A08FDDD5-0DFF-33FA-506B-66E3876C1BA1}.Release|Any CPU.Build.0 = Release|Any CPU
		{4D7E6236-FDC5-F505-F765-E625D438EFD9}.Debug|Any CPU.ActiveCfg = Debug|Any CPU
		{4D7E6236-FDC5-F505-F765-E625D438EFD9}.Debug|Any CPU.Build.0 = Debug|Any CPU
		{4D7E6236-FDC5-F505-F765-E625D438EFD9}.Release|Any CPU.ActiveCfg = Release|Any CPU
		{4D7E6236-FDC5-F505-F765-E625D438EFD9}.Release|Any CPU.Build.0 = Release|Any CPU
		{424AC88B-1C45-F684-9658-1E9882002DDA}.Debug|Any CPU.ActiveCfg = Debug|Any CPU
		{424AC88B-1C45-F684-9658-1E9882002DDA}.Debug|Any CPU.Build.0 = Debug|Any CPU
		{424AC88B-1C45-F684-9658-1E9882002DDA}.Release|Any CPU.ActiveCfg = Release|Any CPU
		{424AC88B-1C45-F684-9658-1E9882002DDA}.Release|Any CPU.Build.0 = Release|Any CPU
		{B61396E0-0D6A-2E80-CA75-B82915315D9A}.Debug|Any CPU.ActiveCfg = Debug|Any CPU
		{B61396E0-0D6A-2E80-CA75-B82915315D9A}.Debug|Any CPU.Build.0 = Debug|Any CPU
		{B61396E0-0D6A-2E80-CA75-B82915315D9A}.Release|Any CPU.ActiveCfg = Release|Any CPU
		{B61396E0-0D6A-2E80-CA75-B82915315D9A}.Release|Any CPU.Build.0 = Release|Any CPU
		{9360715A-9953-B099-D3D9-4270E2E46A04}.Debug|Any CPU.ActiveCfg = Debug|Any CPU
		{9360715A-9953-B099-D3D9-4270E2E46A04}.Debug|Any CPU.Build.0 = Debug|Any CPU
		{9360715A-9953-B099-D3D9-4270E2E46A04}.Release|Any CPU.ActiveCfg = Release|Any CPU
		{9360715A-9953-B099-D3D9-4270E2E46A04}.Release|Any CPU.Build.0 = Release|Any CPU
		{8F01C029-0430-2D4D-72F8-FD656B576DF8}.Debug|Any CPU.ActiveCfg = Debug|Any CPU
		{8F01C029-0430-2D4D-72F8-FD656B576DF8}.Debug|Any CPU.Build.0 = Debug|Any CPU
		{8F01C029-0430-2D4D-72F8-FD656B576DF8}.Release|Any CPU.ActiveCfg = Release|Any CPU
		{8F01C029-0430-2D4D-72F8-FD656B576DF8}.Release|Any CPU.Build.0 = Release|Any CPU
		{F4D1E0A3-7E34-FB05-4B32-8E34199C6195}.Debug|Any CPU.ActiveCfg = Debug|Any CPU
		{F4D1E0A3-7E34-FB05-4B32-8E34199C6195}.Debug|Any CPU.Build.0 = Debug|Any CPU
		{F4D1E0A3-7E34-FB05-4B32-8E34199C6195}.Release|Any CPU.ActiveCfg = Release|Any CPU
		{F4D1E0A3-7E34-FB05-4B32-8E34199C6195}.Release|Any CPU.Build.0 = Release|Any CPU
		{0C4206F2-D48F-7E97-3869-CDF3BB0ECEE9}.Debug|Any CPU.ActiveCfg = Debug|Any CPU
		{0C4206F2-D48F-7E97-3869-CDF3BB0ECEE9}.Debug|Any CPU.Build.0 = Debug|Any CPU
		{0C4206F2-D48F-7E97-3869-CDF3BB0ECEE9}.Release|Any CPU.ActiveCfg = Release|Any CPU
		{0C4206F2-D48F-7E97-3869-CDF3BB0ECEE9}.Release|Any CPU.Build.0 = Release|Any CPU
		{137BFFE6-5D28-320B-5FA4-3041FF2AA4A8}.Debug|Any CPU.ActiveCfg = Debug|Any CPU
		{137BFFE6-5D28-320B-5FA4-3041FF2AA4A8}.Debug|Any CPU.Build.0 = Debug|Any CPU
		{137BFFE6-5D28-320B-5FA4-3041FF2AA4A8}.Release|Any CPU.ActiveCfg = Release|Any CPU
		{137BFFE6-5D28-320B-5FA4-3041FF2AA4A8}.Release|Any CPU.Build.0 = Release|Any CPU
		{FBBE5432-4475-81A7-7842-CE81D8F40303}.Debug|Any CPU.ActiveCfg = Debug|Any CPU
		{FBBE5432-4475-81A7-7842-CE81D8F40303}.Debug|Any CPU.Build.0 = Debug|Any CPU
		{FBBE5432-4475-81A7-7842-CE81D8F40303}.Release|Any CPU.ActiveCfg = Release|Any CPU
		{FBBE5432-4475-81A7-7842-CE81D8F40303}.Release|Any CPU.Build.0 = Release|Any CPU
		{5D15076F-30F6-FF4C-D354-C4BB25CC5088}.Debug|Any CPU.ActiveCfg = Debug|Any CPU
		{5D15076F-30F6-FF4C-D354-C4BB25CC5088}.Debug|Any CPU.Build.0 = Debug|Any CPU
		{5D15076F-30F6-FF4C-D354-C4BB25CC5088}.Release|Any CPU.ActiveCfg = Release|Any CPU
		{5D15076F-30F6-FF4C-D354-C4BB25CC5088}.Release|Any CPU.Build.0 = Release|Any CPU
		{0AB39ACD-2EE6-E15C-4D2B-642E1651D37D}.Debug|Any CPU.ActiveCfg = Debug|Any CPU
		{0AB39ACD-2EE6-E15C-4D2B-642E1651D37D}.Debug|Any CPU.Build.0 = Debug|Any CPU
		{0AB39ACD-2EE6-E15C-4D2B-642E1651D37D}.Release|Any CPU.ActiveCfg = Release|Any CPU
		{0AB39ACD-2EE6-E15C-4D2B-642E1651D37D}.Release|Any CPU.Build.0 = Release|Any CPU
		{888EFA30-4678-16D8-EA8A-11CAB8F51524}.Debug|Any CPU.ActiveCfg = Debug|Any CPU
		{888EFA30-4678-16D8-EA8A-11CAB8F51524}.Debug|Any CPU.Build.0 = Debug|Any CPU
		{888EFA30-4678-16D8-EA8A-11CAB8F51524}.Release|Any CPU.ActiveCfg = Release|Any CPU
		{888EFA30-4678-16D8-EA8A-11CAB8F51524}.Release|Any CPU.Build.0 = Release|Any CPU
		{3951772F-6BD9-0738-B6E8-3CDDD83A2C2A}.Debug|Any CPU.ActiveCfg = Debug|Any CPU
		{3951772F-6BD9-0738-B6E8-3CDDD83A2C2A}.Debug|Any CPU.Build.0 = Debug|Any CPU
		{3951772F-6BD9-0738-B6E8-3CDDD83A2C2A}.Release|Any CPU.ActiveCfg = Release|Any CPU
		{3951772F-6BD9-0738-B6E8-3CDDD83A2C2A}.Release|Any CPU.Build.0 = Release|Any CPU
		{79D4B177-B59F-4FB9-38D8-B61C56A697CE}.Debug|Any CPU.ActiveCfg = Debug|Any CPU
		{79D4B177-B59F-4FB9-38D8-B61C56A697CE}.Debug|Any CPU.Build.0 = Debug|Any CPU
		{79D4B177-B59F-4FB9-38D8-B61C56A697CE}.Release|Any CPU.ActiveCfg = Release|Any CPU
		{79D4B177-B59F-4FB9-38D8-B61C56A697CE}.Release|Any CPU.Build.0 = Release|Any CPU
		{6FBF8275-1F93-0BE5-EF48-2184CE5752ED}.Debug|Any CPU.ActiveCfg = Debug|Any CPU
		{6FBF8275-1F93-0BE5-EF48-2184CE5752ED}.Debug|Any CPU.Build.0 = Debug|Any CPU
		{6FBF8275-1F93-0BE5-EF48-2184CE5752ED}.Release|Any CPU.ActiveCfg = Release|Any CPU
		{6FBF8275-1F93-0BE5-EF48-2184CE5752ED}.Release|Any CPU.Build.0 = Release|Any CPU
		{3D7DC855-C0C3-E1F9-FEEB-F6C553DB96BC}.Debug|Any CPU.ActiveCfg = Debug|Any CPU
		{3D7DC855-C0C3-E1F9-FEEB-F6C553DB96BC}.Debug|Any CPU.Build.0 = Debug|Any CPU
		{3D7DC855-C0C3-E1F9-FEEB-F6C553DB96BC}.Release|Any CPU.ActiveCfg = Release|Any CPU
		{3D7DC855-C0C3-E1F9-FEEB-F6C553DB96BC}.Release|Any CPU.Build.0 = Release|Any CPU
		{24C54AF0-A3EE-8CA3-0BAC-6078AE7D9B8D}.Debug|Any CPU.ActiveCfg = Debug|Any CPU
		{24C54AF0-A3EE-8CA3-0BAC-6078AE7D9B8D}.Debug|Any CPU.Build.0 = Debug|Any CPU
		{24C54AF0-A3EE-8CA3-0BAC-6078AE7D9B8D}.Release|Any CPU.ActiveCfg = Release|Any CPU
		{24C54AF0-A3EE-8CA3-0BAC-6078AE7D9B8D}.Release|Any CPU.Build.0 = Release|Any CPU
		{47897653-4654-E5D9-7C58-39163904484C}.Debug|Any CPU.ActiveCfg = Debug|Any CPU
		{47897653-4654-E5D9-7C58-39163904484C}.Debug|Any CPU.Build.0 = Debug|Any CPU
		{47897653-4654-E5D9-7C58-39163904484C}.Release|Any CPU.ActiveCfg = Release|Any CPU
		{47897653-4654-E5D9-7C58-39163904484C}.Release|Any CPU.Build.0 = Release|Any CPU
		{92C6C970-C987-4563-4FCD-D7157F937D4F}.Debug|Any CPU.ActiveCfg = Debug|Any CPU
		{92C6C970-C987-4563-4FCD-D7157F937D4F}.Debug|Any CPU.Build.0 = Debug|Any CPU
		{92C6C970-C987-4563-4FCD-D7157F937D4F}.Release|Any CPU.ActiveCfg = Release|Any CPU
		{92C6C970-C987-4563-4FCD-D7157F937D4F}.Release|Any CPU.Build.0 = Release|Any CPU
		{C11CC9A2-821B-48D8-0523-F6C3821D41C4}.Debug|Any CPU.ActiveCfg = Debug|Any CPU
		{C11CC9A2-821B-48D8-0523-F6C3821D41C4}.Debug|Any CPU.Build.0 = Debug|Any CPU
		{C11CC9A2-821B-48D8-0523-F6C3821D41C4}.Release|Any CPU.ActiveCfg = Release|Any CPU
		{C11CC9A2-821B-48D8-0523-F6C3821D41C4}.Release|Any CPU.Build.0 = Release|Any CPU
		{4EC3605E-715F-88CE-815C-F9F38ED08D4A}.Debug|Any CPU.ActiveCfg = Debug|Any CPU
		{4EC3605E-715F-88CE-815C-F9F38ED08D4A}.Debug|Any CPU.Build.0 = Debug|Any CPU
		{4EC3605E-715F-88CE-815C-F9F38ED08D4A}.Release|Any CPU.ActiveCfg = Release|Any CPU
		{4EC3605E-715F-88CE-815C-F9F38ED08D4A}.Release|Any CPU.Build.0 = Release|Any CPU
		{51D028B8-BB06-C8FB-2773-5AFB8F3D7B56}.Debug|Any CPU.ActiveCfg = Debug|Any CPU
		{51D028B8-BB06-C8FB-2773-5AFB8F3D7B56}.Debug|Any CPU.Build.0 = Debug|Any CPU
		{51D028B8-BB06-C8FB-2773-5AFB8F3D7B56}.Release|Any CPU.ActiveCfg = Release|Any CPU
		{51D028B8-BB06-C8FB-2773-5AFB8F3D7B56}.Release|Any CPU.Build.0 = Release|Any CPU
		{0CDA9E81-A340-5175-AB76-743247A181D5}.Debug|Any CPU.ActiveCfg = Debug|Any CPU
		{0CDA9E81-A340-5175-AB76-743247A181D5}.Debug|Any CPU.Build.0 = Debug|Any CPU
		{0CDA9E81-A340-5175-AB76-743247A181D5}.Release|Any CPU.ActiveCfg = Release|Any CPU
		{0CDA9E81-A340-5175-AB76-743247A181D5}.Release|Any CPU.Build.0 = Release|Any CPU
		{FDA5EB41-E0FE-1C59-E6CC-EEB3D39F72F3}.Debug|Any CPU.ActiveCfg = Debug|Any CPU
		{FDA5EB41-E0FE-1C59-E6CC-EEB3D39F72F3}.Debug|Any CPU.Build.0 = Debug|Any CPU
		{FDA5EB41-E0FE-1C59-E6CC-EEB3D39F72F3}.Release|Any CPU.ActiveCfg = Release|Any CPU
		{FDA5EB41-E0FE-1C59-E6CC-EEB3D39F72F3}.Release|Any CPU.Build.0 = Release|Any CPU
		{D3F3E581-3DA4-5E38-D156-510228450175}.Debug|Any CPU.ActiveCfg = Debug|Any CPU
		{D3F3E581-3DA4-5E38-D156-510228450175}.Debug|Any CPU.Build.0 = Debug|Any CPU
		{D3F3E581-3DA4-5E38-D156-510228450175}.Release|Any CPU.ActiveCfg = Release|Any CPU
		{D3F3E581-3DA4-5E38-D156-510228450175}.Release|Any CPU.Build.0 = Release|Any CPU
		{EDDAD634-63FA-32FE-A706-B6DA889B5D35}.Debug|Any CPU.ActiveCfg = Debug|Any CPU
		{EDDAD634-63FA-32FE-A706-B6DA889B5D35}.Debug|Any CPU.Build.0 = Debug|Any CPU
		{EDDAD634-63FA-32FE-A706-B6DA889B5D35}.Release|Any CPU.ActiveCfg = Release|Any CPU
		{EDDAD634-63FA-32FE-A706-B6DA889B5D35}.Release|Any CPU.Build.0 = Release|Any CPU
		{A4B56EA3-1A45-F650-CEB1-F4E1685E8A33}.Debug|Any CPU.ActiveCfg = Debug|Any CPU
		{A4B56EA3-1A45-F650-CEB1-F4E1685E8A33}.Debug|Any CPU.Build.0 = Debug|Any CPU
		{A4B56EA3-1A45-F650-CEB1-F4E1685E8A33}.Release|Any CPU.ActiveCfg = Release|Any CPU
		{A4B56EA3-1A45-F650-CEB1-F4E1685E8A33}.Release|Any CPU.Build.0 = Release|Any CPU
		{F4E53A48-B80B-B119-8824-F645EA08B967}.Debug|Any CPU.ActiveCfg = Debug|Any CPU
		{F4E53A48-B80B-B119-8824-F645EA08B967}.Debug|Any CPU.Build.0 = Debug|Any CPU
		{F4E53A48-B80B-B119-8824-F645EA08B967}.Release|Any CPU.ActiveCfg = Release|Any CPU
		{F4E53A48-B80B-B119-8824-F645EA08B967}.Release|Any CPU.Build.0 = Release|Any CPU
		{88CA1D6C-E71B-5182-4752-B869FAF61B1A}.Debug|Any CPU.ActiveCfg = Debug|Any CPU
		{88CA1D6C-E71B-5182-4752-B869FAF61B1A}.Debug|Any CPU.Build.0 = Debug|Any CPU
		{88CA1D6C-E71B-5182-4752-B869FAF61B1A}.Release|Any CPU.ActiveCfg = Release|Any CPU
		{88CA1D6C-E71B-5182-4752-B869FAF61B1A}.Release|Any CPU.Build.0 = Release|Any CPU
		{76E83AA4-F893-4C09-A6AD-9E63FF9AED6E}.Debug|Any CPU.ActiveCfg = Debug|Any CPU
		{76E83AA4-F893-4C09-A6AD-9E63FF9AED6E}.Debug|Any CPU.Build.0 = Debug|Any CPU
		{76E83AA4-F893-4C09-A6AD-9E63FF9AED6E}.Release|Any CPU.ActiveCfg = Release|Any CPU
		{76E83AA4-F893-4C09-A6AD-9E63FF9AED6E}.Release|Any CPU.Build.0 = Release|Any CPU
		{C0A22AEC-24E6-E654-7F69-673C9FE9BAF9}.Debug|Any CPU.ActiveCfg = Debug|Any CPU
		{C0A22AEC-24E6-E654-7F69-673C9FE9BAF9}.Debug|Any CPU.Build.0 = Debug|Any CPU
		{C0A22AEC-24E6-E654-7F69-673C9FE9BAF9}.Release|Any CPU.ActiveCfg = Release|Any CPU
		{C0A22AEC-24E6-E654-7F69-673C9FE9BAF9}.Release|Any CPU.Build.0 = Release|Any CPU
		{45AE2FD0-051D-CBC8-8308-4556382FBCA2}.Debug|Any CPU.ActiveCfg = Debug|Any CPU
		{45AE2FD0-051D-CBC8-8308-4556382FBCA2}.Debug|Any CPU.Build.0 = Debug|Any CPU
		{45AE2FD0-051D-CBC8-8308-4556382FBCA2}.Release|Any CPU.ActiveCfg = Release|Any CPU
		{45AE2FD0-051D-CBC8-8308-4556382FBCA2}.Release|Any CPU.Build.0 = Release|Any CPU
		{C17FC652-207E-844E-5E79-757C30B3BA5F}.Debug|Any CPU.ActiveCfg = Debug|Any CPU
		{C17FC652-207E-844E-5E79-757C30B3BA5F}.Debug|Any CPU.Build.0 = Debug|Any CPU
		{C17FC652-207E-844E-5E79-757C30B3BA5F}.Release|Any CPU.ActiveCfg = Release|Any CPU
		{C17FC652-207E-844E-5E79-757C30B3BA5F}.Release|Any CPU.Build.0 = Release|Any CPU
		{9C1EC8BB-F6A5-520B-2DD4-FBC6B533E500}.Debug|Any CPU.ActiveCfg = Debug|Any CPU
		{9C1EC8BB-F6A5-520B-2DD4-FBC6B533E500}.Debug|Any CPU.Build.0 = Debug|Any CPU
		{9C1EC8BB-F6A5-520B-2DD4-FBC6B533E500}.Release|Any CPU.ActiveCfg = Release|Any CPU
		{9C1EC8BB-F6A5-520B-2DD4-FBC6B533E500}.Release|Any CPU.Build.0 = Release|Any CPU
		{E35033D9-6692-8052-D8EF-0209E3706AB9}.Debug|Any CPU.ActiveCfg = Debug|Any CPU
		{E35033D9-6692-8052-D8EF-0209E3706AB9}.Debug|Any CPU.Build.0 = Debug|Any CPU
		{E35033D9-6692-8052-D8EF-0209E3706AB9}.Release|Any CPU.ActiveCfg = Release|Any CPU
		{E35033D9-6692-8052-D8EF-0209E3706AB9}.Release|Any CPU.Build.0 = Release|Any CPU
		{9FE47E6D-005E-222B-536B-79FC0B0AD82D}.Debug|Any CPU.ActiveCfg = Debug|Any CPU
		{9FE47E6D-005E-222B-536B-79FC0B0AD82D}.Debug|Any CPU.Build.0 = Debug|Any CPU
		{9FE47E6D-005E-222B-536B-79FC0B0AD82D}.Release|Any CPU.ActiveCfg = Release|Any CPU
		{9FE47E6D-005E-222B-536B-79FC0B0AD82D}.Release|Any CPU.Build.0 = Release|Any CPU
		{59822905-4A47-E9C2-FFC2-33FB703B4F46}.Debug|Any CPU.ActiveCfg = Debug|Any CPU
		{59822905-4A47-E9C2-FFC2-33FB703B4F46}.Debug|Any CPU.Build.0 = Debug|Any CPU
		{59822905-4A47-E9C2-FFC2-33FB703B4F46}.Release|Any CPU.ActiveCfg = Release|Any CPU
		{59822905-4A47-E9C2-FFC2-33FB703B4F46}.Release|Any CPU.Build.0 = Release|Any CPU
		{B6A4ADBA-665D-F520-B42F-47A28AFEBE9A}.Debug|Any CPU.ActiveCfg = Debug|Any CPU
		{B6A4ADBA-665D-F520-B42F-47A28AFEBE9A}.Debug|Any CPU.Build.0 = Debug|Any CPU
		{B6A4ADBA-665D-F520-B42F-47A28AFEBE9A}.Release|Any CPU.ActiveCfg = Release|Any CPU
		{B6A4ADBA-665D-F520-B42F-47A28AFEBE9A}.Release|Any CPU.Build.0 = Release|Any CPU
		{3F85206D-6D96-24DB-F78A-AAA6FBBF554A}.Debug|Any CPU.ActiveCfg = Debug|Any CPU
		{3F85206D-6D96-24DB-F78A-AAA6FBBF554A}.Debug|Any CPU.Build.0 = Debug|Any CPU
		{3F85206D-6D96-24DB-F78A-AAA6FBBF554A}.Release|Any CPU.ActiveCfg = Release|Any CPU
		{3F85206D-6D96-24DB-F78A-AAA6FBBF554A}.Release|Any CPU.Build.0 = Release|Any CPU
		{950AAA05-8E14-C28D-4B90-8D49659BC1C1}.Debug|Any CPU.ActiveCfg = Debug|Any CPU
		{950AAA05-8E14-C28D-4B90-8D49659BC1C1}.Debug|Any CPU.Build.0 = Debug|Any CPU
		{950AAA05-8E14-C28D-4B90-8D49659BC1C1}.Release|Any CPU.ActiveCfg = Release|Any CPU
		{950AAA05-8E14-C28D-4B90-8D49659BC1C1}.Release|Any CPU.Build.0 = Release|Any CPU
		{6B4FB0A8-C114-FC81-0F2F-754AF15947D4}.Debug|Any CPU.ActiveCfg = Debug|Any CPU
		{6B4FB0A8-C114-FC81-0F2F-754AF15947D4}.Debug|Any CPU.Build.0 = Debug|Any CPU
		{6B4FB0A8-C114-FC81-0F2F-754AF15947D4}.Release|Any CPU.ActiveCfg = Release|Any CPU
		{6B4FB0A8-C114-FC81-0F2F-754AF15947D4}.Release|Any CPU.Build.0 = Release|Any CPU
		{958654D6-6AE4-62F5-27FD-D1D40F6ED44D}.Debug|Any CPU.ActiveCfg = Debug|Any CPU
		{958654D6-6AE4-62F5-27FD-D1D40F6ED44D}.Debug|Any CPU.Build.0 = Debug|Any CPU
		{958654D6-6AE4-62F5-27FD-D1D40F6ED44D}.Release|Any CPU.ActiveCfg = Release|Any CPU
		{958654D6-6AE4-62F5-27FD-D1D40F6ED44D}.Release|Any CPU.Build.0 = Release|Any CPU
		{9B4DA6FB-B926-D9CD-DC61-8C4CE5C4EF50}.Debug|Any CPU.ActiveCfg = Debug|Any CPU
		{9B4DA6FB-B926-D9CD-DC61-8C4CE5C4EF50}.Debug|Any CPU.Build.0 = Debug|Any CPU
		{9B4DA6FB-B926-D9CD-DC61-8C4CE5C4EF50}.Release|Any CPU.ActiveCfg = Release|Any CPU
		{9B4DA6FB-B926-D9CD-DC61-8C4CE5C4EF50}.Release|Any CPU.Build.0 = Release|Any CPU
		{9CFDD2C3-4993-2159-7724-88CCF3047C2F}.Debug|Any CPU.ActiveCfg = Debug|Any CPU
		{9CFDD2C3-4993-2159-7724-88CCF3047C2F}.Debug|Any CPU.Build.0 = Debug|Any CPU
		{9CFDD2C3-4993-2159-7724-88CCF3047C2F}.Release|Any CPU.ActiveCfg = Release|Any CPU
		{9CFDD2C3-4993-2159-7724-88CCF3047C2F}.Release|Any CPU.Build.0 = Release|Any CPU
		{E3186D9F-A8C1-B4D2-00FD-67DCF0C53B1D}.Debug|Any CPU.ActiveCfg = Debug|Any CPU
		{E3186D9F-A8C1-B4D2-00FD-67DCF0C53B1D}.Debug|Any CPU.Build.0 = Debug|Any CPU
		{E3186D9F-A8C1-B4D2-00FD-67DCF0C53B1D}.Release|Any CPU.ActiveCfg = Release|Any CPU
		{E3186D9F-A8C1-B4D2-00FD-67DCF0C53B1D}.Release|Any CPU.Build.0 = Release|Any CPU
		{A0510E19-3EF1-95BF-2C24-6E77826833EF}.Debug|Any CPU.ActiveCfg = Debug|Any CPU
		{A0510E19-3EF1-95BF-2C24-6E77826833EF}.Debug|Any CPU.Build.0 = Debug|Any CPU
		{A0510E19-3EF1-95BF-2C24-6E77826833EF}.Release|Any CPU.ActiveCfg = Release|Any CPU
		{A0510E19-3EF1-95BF-2C24-6E77826833EF}.Release|Any CPU.Build.0 = Release|Any CPU
		{04B40358-0BAA-FA10-CE52-0BD11CAAD13D}.Debug|Any CPU.ActiveCfg = Debug|Any CPU
		{04B40358-0BAA-FA10-CE52-0BD11CAAD13D}.Debug|Any CPU.Build.0 = Debug|Any CPU
		{04B40358-0BAA-FA10-CE52-0BD11CAAD13D}.Release|Any CPU.ActiveCfg = Release|Any CPU
		{04B40358-0BAA-FA10-CE52-0BD11CAAD13D}.Release|Any CPU.Build.0 = Release|Any CPU
		{50556C7E-9A77-28AD-90F4-B999A1E24EDB}.Debug|Any CPU.ActiveCfg = Debug|Any CPU
		{50556C7E-9A77-28AD-90F4-B999A1E24EDB}.Debug|Any CPU.Build.0 = Debug|Any CPU
		{50556C7E-9A77-28AD-90F4-B999A1E24EDB}.Release|Any CPU.ActiveCfg = Release|Any CPU
		{50556C7E-9A77-28AD-90F4-B999A1E24EDB}.Release|Any CPU.Build.0 = Release|Any CPU
		{081852E6-8CE5-3E98-413B-83B2136E1E4E}.Debug|Any CPU.ActiveCfg = Debug|Any CPU
		{081852E6-8CE5-3E98-413B-83B2136E1E4E}.Debug|Any CPU.Build.0 = Debug|Any CPU
		{081852E6-8CE5-3E98-413B-83B2136E1E4E}.Release|Any CPU.ActiveCfg = Release|Any CPU
		{081852E6-8CE5-3E98-413B-83B2136E1E4E}.Release|Any CPU.Build.0 = Release|Any CPU
		{D06EE09F-6942-83A5-AAF1-0FC4615EE01D}.Debug|Any CPU.ActiveCfg = Debug|Any CPU
		{D06EE09F-6942-83A5-AAF1-0FC4615EE01D}.Debug|Any CPU.Build.0 = Debug|Any CPU
		{D06EE09F-6942-83A5-AAF1-0FC4615EE01D}.Release|Any CPU.ActiveCfg = Release|Any CPU
		{D06EE09F-6942-83A5-AAF1-0FC4615EE01D}.Release|Any CPU.Build.0 = Release|Any CPU
		{8C4930FD-77C6-D97F-37A4-62E41316665F}.Debug|Any CPU.ActiveCfg = Debug|Any CPU
		{8C4930FD-77C6-D97F-37A4-62E41316665F}.Debug|Any CPU.Build.0 = Debug|Any CPU
		{8C4930FD-77C6-D97F-37A4-62E41316665F}.Release|Any CPU.ActiveCfg = Release|Any CPU
		{8C4930FD-77C6-D97F-37A4-62E41316665F}.Release|Any CPU.Build.0 = Release|Any CPU
		{96095550-7F84-0DA8-89DB-BABCC26C5D3A}.Debug|Any CPU.ActiveCfg = Debug|Any CPU
		{96095550-7F84-0DA8-89DB-BABCC26C5D3A}.Debug|Any CPU.Build.0 = Debug|Any CPU
		{96095550-7F84-0DA8-89DB-BABCC26C5D3A}.Release|Any CPU.ActiveCfg = Release|Any CPU
		{96095550-7F84-0DA8-89DB-BABCC26C5D3A}.Release|Any CPU.Build.0 = Release|Any CPU
		{5E39CDDE-9338-5A92-37AA-A20F116012BD}.Debug|Any CPU.ActiveCfg = Debug|Any CPU
		{5E39CDDE-9338-5A92-37AA-A20F116012BD}.Debug|Any CPU.Build.0 = Debug|Any CPU
		{5E39CDDE-9338-5A92-37AA-A20F116012BD}.Release|Any CPU.ActiveCfg = Release|Any CPU
		{5E39CDDE-9338-5A92-37AA-A20F116012BD}.Release|Any CPU.Build.0 = Release|Any CPU
		{6BB05EBD-7F2D-CAA8-AC98-1AD46A1F1C48}.Debug|Any CPU.ActiveCfg = Debug|Any CPU
		{6BB05EBD-7F2D-CAA8-AC98-1AD46A1F1C48}.Debug|Any CPU.Build.0 = Debug|Any CPU
		{6BB05EBD-7F2D-CAA8-AC98-1AD46A1F1C48}.Release|Any CPU.ActiveCfg = Release|Any CPU
		{6BB05EBD-7F2D-CAA8-AC98-1AD46A1F1C48}.Release|Any CPU.Build.0 = Release|Any CPU
		{35BBC3D6-258B-7E8B-B022-47CE1D39073B}.Debug|Any CPU.ActiveCfg = Debug|Any CPU
		{35BBC3D6-258B-7E8B-B022-47CE1D39073B}.Debug|Any CPU.Build.0 = Debug|Any CPU
		{35BBC3D6-258B-7E8B-B022-47CE1D39073B}.Release|Any CPU.ActiveCfg = Release|Any CPU
		{35BBC3D6-258B-7E8B-B022-47CE1D39073B}.Release|Any CPU.Build.0 = Release|Any CPU
		{21C767E6-CD5A-3081-531D-C21E63F8A1D6}.Debug|Any CPU.ActiveCfg = Debug|Any CPU
		{21C767E6-CD5A-3081-531D-C21E63F8A1D6}.Debug|Any CPU.Build.0 = Debug|Any CPU
		{21C767E6-CD5A-3081-531D-C21E63F8A1D6}.Release|Any CPU.ActiveCfg = Release|Any CPU
		{21C767E6-CD5A-3081-531D-C21E63F8A1D6}.Release|Any CPU.Build.0 = Release|Any CPU
		{33394CA4-7EB9-B1BD-40F4-28B4F8FE687F}.Debug|Any CPU.ActiveCfg = Debug|Any CPU
		{33394CA4-7EB9-B1BD-40F4-28B4F8FE687F}.Debug|Any CPU.Build.0 = Debug|Any CPU
		{33394CA4-7EB9-B1BD-40F4-28B4F8FE687F}.Release|Any CPU.ActiveCfg = Release|Any CPU
		{33394CA4-7EB9-B1BD-40F4-28B4F8FE687F}.Release|Any CPU.Build.0 = Release|Any CPU
	EndGlobalSection
	GlobalSection(SolutionProperties) = preSolution
		HideSolutionNode = FALSE
	EndGlobalSection
EndGlobal
